{
  "version": 4,
  "terraform_version": "1.5.7",
  "serial": 25,
  "lineage": "3aade269-6115-c60e-c13d-6f06ac92b0a9",
  "outputs": {
    "cluster_endpoint": {
      "value": "34.55.86.17",
      "type": "string"
    },
    "cluster_name": {
      "value": "a2a-registry-cluster",
      "type": "string"
    },
    "domain": {
      "value": "a2a-registry.dev",
      "type": "string"
    },
    "project_id": {
      "value": "a2a-registry-dev",
      "type": "string"
    },
    "region": {
      "value": "us-central1",
      "type": "string"
    },
    "static_ip": {
      "value": "Not configured - using GKE ingress",
      "type": "string"
    }
  },
  "resources": [
    {
      "mode": "managed",
      "type": "google_compute_global_address",
      "name": "a2a_registry",
      "provider": "provider[\"registry.terraform.io/hashicorp/google\"]",
      "instances": [
        {
          "schema_version": 0,
          "attributes": {
            "address": "34.160.68.42",
            "address_type": "EXTERNAL",
            "creation_timestamp": "2025-08-03T03:31:03.125-07:00",
            "description": "",
            "id": "projects/a2a-registry-dev/global/addresses/a2a-registry-ip",
            "ip_version": "",
            "name": "a2a-registry-ip",
            "network": "",
            "prefix_length": 0,
            "project": "a2a-registry-dev",
            "purpose": "",
            "self_link": "https://www.googleapis.com/compute/v1/projects/a2a-registry-dev/global/addresses/a2a-registry-ip",
            "timeouts": {
              "create": null,
              "delete": null
            }
          },
          "sensitive_attributes": [],
          "private": "eyJlMmJmYjczMC1lY2FhLTExZTYtOGY4OC0zNDM2M2JjN2M0YzAiOnsiY3JlYXRlIjoxMjAwMDAwMDAwMDAwLCJkZWxldGUiOjEyMDAwMDAwMDAwMDB9LCJzY2hlbWFfdmVyc2lvbiI6IjAifQ=="
        }
      ]
    },
    {
      "mode": "managed",
      "type": "google_compute_health_check",
      "name": "a2a_registry",
      "provider": "provider[\"registry.terraform.io/hashicorp/google\"]",
      "instances": [
        {
          "schema_version": 0,
          "attributes": {
            "check_interval_sec": 5,
            "creation_timestamp": "2025-08-03T03:31:03.123-07:00",
            "description": "",
            "grpc_health_check": [],
            "healthy_threshold": 2,
            "http2_health_check": [],
            "http_health_check": [
              {
                "host": "",
                "port": 8000,
                "port_name": "",
                "port_specification": "",
                "proxy_header": "NONE",
                "request_path": "/",
                "response": ""
              }
            ],
            "https_health_check": [],
            "id": "projects/a2a-registry-dev/global/healthChecks/a2a-registry-health-check",
            "log_config": [
              {
                "enable": false
              }
            ],
            "name": "a2a-registry-health-check",
            "project": "a2a-registry-dev",
            "self_link": "https://www.googleapis.com/compute/v1/projects/a2a-registry-dev/global/healthChecks/a2a-registry-health-check",
            "ssl_health_check": [],
            "tcp_health_check": [],
            "timeout_sec": 5,
            "timeouts": {
              "create": null,
              "delete": null,
              "update": null
            },
            "type": "HTTP",
            "unhealthy_threshold": 2
          },
          "sensitive_attributes": [],
          "private": "eyJlMmJmYjczMC1lY2FhLTExZTYtOGY4OC0zNDM2M2JjN2M0YzAiOnsiY3JlYXRlIjoxMjAwMDAwMDAwMDAwLCJkZWxldGUiOjEyMDAwMDAwMDAwMDAsInVwZGF0ZSI6MTIwMDAwMDAwMDAwMH0sInNjaGVtYV92ZXJzaW9uIjoiMCJ9"
        }
      ]
    },
    {
      "mode": "managed",
      "type": "google_compute_network",
      "name": "a2a_registry",
      "provider": "provider[\"registry.terraform.io/hashicorp/google\"]",
      "instances": [
        {
          "schema_version": 0,
          "attributes": {
            "auto_create_subnetworks": false,
            "delete_default_routes_on_create": false,
            "description": "",
            "enable_ula_internal_ipv6": false,
            "gateway_ipv4": "",
            "id": "projects/a2a-registry-dev/global/networks/a2a-registry-vpc",
            "internal_ipv6_range": "",
            "mtu": 0,
            "name": "a2a-registry-vpc",
            "network_firewall_policy_enforcement_order": "AFTER_CLASSIC_FIREWALL",
            "project": "a2a-registry-dev",
            "routing_mode": "REGIONAL",
            "self_link": "https://www.googleapis.com/compute/v1/projects/a2a-registry-dev/global/networks/a2a-registry-vpc",
            "timeouts": {
              "create": null,
              "delete": null,
              "update": null
            }
          },
          "sensitive_attributes": [],
          "private": "eyJlMmJmYjczMC1lY2FhLTExZTYtOGY4OC0zNDM2M2JjN2M0YzAiOnsiY3JlYXRlIjoxMjAwMDAwMDAwMDAwLCJkZWxldGUiOjEyMDAwMDAwMDAwMDAsInVwZGF0ZSI6MTIwMDAwMDAwMDAwMH0sInNjaGVtYV92ZXJzaW9uIjoiMCJ9"
        }
      ]
    },
    {
      "mode": "managed",
      "type": "google_compute_subnetwork",
      "name": "a2a_registry",
      "provider": "provider[\"registry.terraform.io/hashicorp/google\"]",
      "instances": [
        {
          "schema_version": 0,
          "attributes": {
            "creation_timestamp": "2025-08-03T03:31:25.760-07:00",
            "description": "",
            "external_ipv6_prefix": "",
            "fingerprint": null,
            "gateway_address": "10.0.0.1",
            "id": "projects/a2a-registry-dev/regions/us-central1/subnetworks/a2a-registry-subnet",
            "internal_ipv6_prefix": "",
            "ip_cidr_range": "10.0.0.0/24",
            "ipv6_access_type": "",
            "ipv6_cidr_range": "",
            "log_config": [],
            "name": "a2a-registry-subnet",
            "network": "https://www.googleapis.com/compute/v1/projects/a2a-registry-dev/global/networks/a2a-registry-vpc",
            "private_ip_google_access": true,
            "private_ipv6_google_access": "DISABLE_GOOGLE_ACCESS",
            "project": "a2a-registry-dev",
            "purpose": "PRIVATE",
            "region": "us-central1",
            "role": "",
            "secondary_ip_range": [],
            "self_link": "https://www.googleapis.com/compute/v1/projects/a2a-registry-dev/regions/us-central1/subnetworks/a2a-registry-subnet",
            "stack_type": "IPV4_ONLY",
            "timeouts": {
              "create": null,
              "delete": null,
              "update": null
            }
          },
          "sensitive_attributes": [],
          "private": "eyJlMmJmYjczMC1lY2FhLTExZTYtOGY4OC0zNDM2M2JjN2M0YzAiOnsiY3JlYXRlIjoxMjAwMDAwMDAwMDAwLCJkZWxldGUiOjEyMDAwMDAwMDAwMDAsInVwZGF0ZSI6MTIwMDAwMDAwMDAwMH0sInNjaGVtYV92ZXJzaW9uIjoiMCJ9",
          "dependencies": [
            "google_compute_network.a2a_registry"
          ]
        }
      ]
    },
    {
      "mode": "managed",
      "type": "google_container_cluster",
      "name": "a2a_registry",
      "provider": "provider[\"registry.terraform.io/hashicorp/google\"]",
      "instances": [
        {
          "schema_version": 1,
          "attributes": {
            "addons_config": [
              {
                "cloudrun_config": [],
                "config_connector_config": [],
                "dns_cache_config": [],
                "gce_persistent_disk_csi_driver_config": [
                  {
                    "enabled": true
                  }
                ],
                "gcp_filestore_csi_driver_config": [],
                "gcs_fuse_csi_driver_config": [],
                "gke_backup_agent_config": [],
                "horizontal_pod_autoscaling": [],
                "http_load_balancing": [],
                "network_policy_config": [
                  {
                    "disabled": true
                  }
                ]
              }
            ],
            "allow_net_admin": null,
            "authenticator_groups_config": [],
            "binary_authorization": [
              {
                "enabled": false,
                "evaluation_mode": ""
              }
            ],
            "cluster_autoscaling": [
              {
                "auto_provisioning_defaults": [],
                "enabled": false,
                "resource_limits": []
              }
            ],
            "cluster_ipv4_cidr": "10.60.0.0/14",
            "confidential_nodes": [],
            "cost_management_config": [],
            "database_encryption": [
              {
                "key_name": "",
                "state": "DECRYPTED"
              }
            ],
            "datapath_provider": "",
            "default_max_pods_per_node": null,
            "default_snat_status": [
              {
                "disabled": false
              }
            ],
            "description": "",
            "dns_config": [],
            "enable_autopilot": false,
            "enable_binary_authorization": false,
            "enable_intranode_visibility": false,
            "enable_k8s_beta_apis": [],
            "enable_kubernetes_alpha": false,
            "enable_l4_ilb_subsetting": false,
            "enable_legacy_abac": false,
            "enable_shielded_nodes": true,
            "enable_tpu": false,
            "endpoint": "34.55.86.17",
            "gateway_api_config": [],
            "id": "projects/a2a-registry-dev/locations/us-central1/clusters/a2a-registry-cluster",
            "initial_node_count": 1,
            "ip_allocation_policy": [],
            "label_fingerprint": "a9dc16a7",
            "location": "us-central1",
            "logging_config": [
              {
                "enable_components": [
                  "SYSTEM_COMPONENTS",
                  "WORKLOADS"
                ]
              }
            ],
            "logging_service": "logging.googleapis.com/kubernetes",
            "maintenance_policy": [],
            "master_auth": [
              {
                "client_certificate": "",
                "client_certificate_config": [
                  {
                    "issue_client_certificate": false
                  }
                ],
                "client_key": "",
                "cluster_ca_certificate": "LS0tLS1CRUdJTiBDRVJUSUZJQ0FURS0tLS0tCk1JSUVMRENDQXBTZ0F3SUJBZ0lRWll4VFpoU09xUUFIYXBHNEZjRnBTakFOQmdrcWhraUc5dzBCQVFzRkFEQXYKTVMwd0t3WURWUVFERXlReFlXSmxNamhtWkMwMFl6ZzJMVFEyTWpndE9Ua3daaTB5TWpBM1pURTFNelZsTTJVdwpJQmNOTWpVd09EQXpNRGt6TVRRNVdoZ1BNakExTlRBM01qY3hNRE14TkRsYU1DOHhMVEFyQmdOVkJBTVRKREZoClltVXlPR1prTFRSak9EWXRORFl5T0MwNU9UQm1MVEl5TURkbE1UVXpOV1V6WlRDQ0FhSXdEUVlKS29aSWh2Y04KQVFFQkJRQURnZ0dQQURDQ0FZb0NnZ0dCQUt6aXhEeVBLeVU0Tks3QkJHbHRxMWxIR3h4d3ZtRjNhU2EwWGFPNwp0ZERjbGNaWEVHcGR5QlBWZGFIZHZmMk9qQ2xYUW8xR1l3cHJyek9XTjdyaUtQMTVSSmV0VDl4Rk1lZDhacmlsClMveE10YWxqaFkybGFFcEUyVzd0ekZZWjJtV2h5bVlKVjVzcUdiVW9obm1NS2RWZDRlOVVoRENjR00rM29FMFkKTEtvVytRREdRSXV3MnFWSjJCL0NMMEc2eUlwQlMrNk90TmhHbFBWdDY2b05CK2piS0RGMStCYUxnR0F2WnhFaApTczc0NFdBOFFzTUk4WFZCaXRNN2tta0NHc0tUOTRiUjJrN2JHRjVLckZhRDJNb25wOGNFYVZjNkUrTDVBb0pvCkVPZzl0U1k5TGJVc2hQUGJYWk1HOFFmRUU3VkE2N1IvbTJvZDN5cE1RckJPcVpVdCthdkZidmlVUDVwdVVtOS8KMVRrRk13S2dUbzdSaFAyK1pWSWJZay94d0pxUEdmaWZHRlRQZEJzVFQ5d1g1RENUVlRkNGVnM002UWxRVTBLbAp5LzUrZ003bloxVGdtaXVtWXlQMlhBTTNYTGJDS2E4cXMvSjZoaTd6dng4MjRKTGsvM0ZTSXpXOENQaWxPTG8wCnVGSEZKRTBSSitQUVRtR0Z5bnliNEN3RGF3SURBUUFCbzBJd1FEQU9CZ05WSFE4QkFmOEVCQU1DQWdRd0R3WUQKVlIwVEFRSC9CQVV3QXdFQi96QWRCZ05WSFE0RUZnUVV4MDRPdTEyckhHVmJ4S050K0J5dDFHdnd3VHN3RFFZSgpLb1pJaHZjTkFRRUxCUUFEZ2dHQkFISzVoMmhTb3ZsZldWbkpnZFlscHVoeTc4ZTNCMEhTUXAzZTJqK3h0TVRzCmt5RFRXdmp3TWlKMmJ0Q2VndVE5Vy9TS1BSYy9CMFZ2ZkRGVTBuTWxQckoxaGQ3R3NPN3h0Qk9aOEtwQlNINTMKVERsOVlrOGMxUDlJNWpOaGV3eVQyUzhudTlGZlhMR3U1NUJoRGRZd2FKeGlveE5kajAvbUt3b056R21jSXNKNApjLzRTN3l4bWV2ek9xU2lwQkxPUGZONDF3UXcvcTcyR09hU3h6ek05MjdINGl3eXNRQ1FBVzdHOThwY1RXRnhSCjgrdHZVc3duSWNTZnJPSVFFTFZGUkh3aDVRSWJjOUZvaXZIdmhpckplRUxNYnVJZ1FKMmFhV1hXL1RvZWsxQTAKQ2p1cXowbEdaZHlKQ1ZiVUd6Y0wvN1BiRUFhYTU0MmNrdkszSTZjTXRKQnlTZ3BHNVRQWm4vd21XZUJyRGV3bwpRYXRMRlhVL05kYmRhek1HSkVoRjVCUUdtNTRjN3J6UEIwYnQwcFBzVll6alZTaCs2OHpVSzJ3TS9KVjVXZjV1CkZVTXE0SHIwTkZ1dWI1MkJoRVAwL1pZTnJJSVpFT2FDRzdDcU8wY2l1cm1ZMkh0MnM1L2xqNm5MR2ZHbkNXN0wKTnIzOHZKb1JpVUFDbHk2RFlLMG9UQT09Ci0tLS0tRU5EIENFUlRJRklDQVRFLS0tLS0K"
              }
            ],
            "master_authorized_networks_config": [],
            "master_version": "1.33.2-gke.1240000",
            "mesh_certificates": [],
            "min_master_version": null,
            "monitoring_config": [
              {
                "advanced_datapath_observability_config": [
                  {
                    "enable_metrics": false,
                    "relay_mode": ""
                  }
                ],
                "enable_components": [
                  "SYSTEM_COMPONENTS",
                  "DEPLOYMENT",
                  "STATEFULSET",
                  "JOBSET",
                  "STORAGE",
                  "HPA",
                  "POD",
                  "DAEMONSET",
                  "CADVISOR",
                  "KUBELET",
                  "DCGM"
                ],
                "managed_prometheus": [
                  {
                    "enabled": true
                  }
                ]
              }
            ],
            "monitoring_service": "monitoring.googleapis.com/kubernetes",
            "name": "a2a-registry-cluster",
            "network": "projects/a2a-registry-dev/global/networks/a2a-registry-vpc",
            "network_policy": [
              {
                "enabled": false,
                "provider": "PROVIDER_UNSPECIFIED"
              }
            ],
            "networking_mode": "ROUTES",
            "node_config": [
              {
                "advanced_machine_features": [],
                "boot_disk_kms_key": "",
                "confidential_nodes": [],
                "disk_size_gb": 20,
                "disk_type": "pd-balanced",
                "ephemeral_storage_local_ssd_config": [],
                "fast_socket": [],
                "gcfs_config": [],
                "guest_accelerator": [],
                "gvnic": [],
                "host_maintenance_policy": [],
                "image_type": "COS_CONTAINERD",
                "kubelet_config": [
                  {
                    "cpu_cfs_quota": false,
                    "cpu_cfs_quota_period": "",
                    "cpu_manager_policy": "static",
                    "pod_pids_limit": 0
                  }
                ],
                "labels": {
                  "env": "a2a-registry-dev"
                },
                "linux_node_config": [],
                "local_nvme_ssd_block_config": [],
                "local_ssd_count": 0,
                "logging_variant": "DEFAULT",
                "machine_type": "e2-micro",
                "metadata": {
                  "disable-legacy-endpoints": "true"
                },
                "min_cpu_platform": "",
                "node_group": "",
                "oauth_scopes": [
                  "https://www.googleapis.com/auth/cloud-platform",
                  "https://www.googleapis.com/auth/logging.write",
                  "https://www.googleapis.com/auth/monitoring"
                ],
                "preemptible": false,
                "reservation_affinity": [],
                "resource_labels": {
                  "goog-gke-node-pool-provisioning-model": "on-demand"
                },
                "service_account": "default",
                "shielded_instance_config": [
                  {
                    "enable_integrity_monitoring": true,
                    "enable_secure_boot": false
                  }
                ],
                "sole_tenant_config": [],
                "spot": false,
                "tags": [],
                "taint": [],
                "workload_metadata_config": [
                  {
                    "mode": "GKE_METADATA"
                  }
                ]
              }
            ],
            "node_locations": [
              "us-central1-a",
              "us-central1-c",
              "us-central1-f"
            ],
            "node_pool": [
              {
                "autoscaling": [],
                "initial_node_count": 1,
                "instance_group_urls": [
                  "https://www.googleapis.com/compute/v1/projects/a2a-registry-dev/zones/us-central1-f/instanceGroupManagers/gke-a2a-registry-clu-a2a-registry-nod-e8590843-grp",
                  "https://www.googleapis.com/compute/v1/projects/a2a-registry-dev/zones/us-central1-c/instanceGroupManagers/gke-a2a-registry-clu-a2a-registry-nod-9a4a5b39-grp",
                  "https://www.googleapis.com/compute/v1/projects/a2a-registry-dev/zones/us-central1-a/instanceGroupManagers/gke-a2a-registry-clu-a2a-registry-nod-4330933c-grp"
                ],
                "managed_instance_group_urls": [
                  "https://www.googleapis.com/compute/v1/projects/a2a-registry-dev/zones/us-central1-f/instanceGroups/gke-a2a-registry-clu-a2a-registry-nod-e8590843-grp",
                  "https://www.googleapis.com/compute/v1/projects/a2a-registry-dev/zones/us-central1-c/instanceGroups/gke-a2a-registry-clu-a2a-registry-nod-9a4a5b39-grp",
                  "https://www.googleapis.com/compute/v1/projects/a2a-registry-dev/zones/us-central1-a/instanceGroups/gke-a2a-registry-clu-a2a-registry-nod-4330933c-grp"
                ],
                "management": [
                  {
                    "auto_repair": true,
                    "auto_upgrade": true
                  }
                ],
                "max_pods_per_node": 0,
                "name": "a2a-registry-node-pool",
                "name_prefix": "",
                "network_config": [],
                "node_config": [
                  {
                    "advanced_machine_features": [],
                    "boot_disk_kms_key": "",
                    "confidential_nodes": [],
                    "disk_size_gb": 20,
                    "disk_type": "pd-balanced",
                    "ephemeral_storage_local_ssd_config": [],
                    "fast_socket": [],
                    "gcfs_config": [],
                    "guest_accelerator": [],
                    "gvnic": [],
                    "host_maintenance_policy": [],
                    "image_type": "COS_CONTAINERD",
                    "kubelet_config": [
                      {
                        "cpu_cfs_quota": false,
                        "cpu_cfs_quota_period": "",
                        "cpu_manager_policy": "static",
                        "pod_pids_limit": 0
                      }
                    ],
                    "labels": {
                      "env": "a2a-registry-dev"
                    },
                    "linux_node_config": [],
                    "local_nvme_ssd_block_config": [],
                    "local_ssd_count": 0,
                    "logging_variant": "DEFAULT",
                    "machine_type": "e2-micro",
                    "metadata": {
                      "disable-legacy-endpoints": "true"
                    },
                    "min_cpu_platform": "",
                    "node_group": "",
                    "oauth_scopes": [
                      "https://www.googleapis.com/auth/cloud-platform",
                      "https://www.googleapis.com/auth/logging.write",
                      "https://www.googleapis.com/auth/monitoring"
                    ],
                    "preemptible": false,
                    "reservation_affinity": [],
                    "resource_labels": {
                      "goog-gke-node-pool-provisioning-model": "on-demand"
                    },
                    "service_account": "default",
                    "shielded_instance_config": [
                      {
                        "enable_integrity_monitoring": true,
                        "enable_secure_boot": false
                      }
                    ],
                    "sole_tenant_config": [],
                    "spot": false,
                    "tags": [],
                    "taint": [],
                    "workload_metadata_config": [
                      {
                        "mode": "GKE_METADATA"
                      }
                    ]
                  }
                ],
                "node_count": 1,
                "node_locations": [
                  "us-central1-a",
                  "us-central1-c",
                  "us-central1-f"
                ],
                "placement_policy": [],
                "upgrade_settings": [
                  {
                    "blue_green_settings": [],
                    "max_surge": 1,
                    "max_unavailable": 0,
                    "strategy": "SURGE"
                  }
                ],
                "version": "1.33.2-gke.1240000"
              }
            ],
            "node_pool_auto_config": [
              {
                "network_tags": []
              }
            ],
            "node_pool_defaults": [
              {
                "node_config_defaults": [
                  {
                    "logging_variant": "DEFAULT"
                  }
                ]
              }
            ],
            "node_version": "1.33.2-gke.1240000",
            "notification_config": [
              {
                "pubsub": [
                  {
                    "enabled": false,
                    "filter": [],
                    "topic": ""
                  }
                ]
              }
            ],
            "operation": null,
            "private_cluster_config": [
              {
                "enable_private_endpoint": false,
                "enable_private_nodes": false,
                "master_global_access_config": [
                  {
                    "enabled": false
                  }
                ],
                "master_ipv4_cidr_block": "",
                "peering_name": "",
                "private_endpoint": "10.0.0.2",
                "private_endpoint_subnetwork": "",
                "public_endpoint": "34.55.86.17"
              }
            ],
            "private_ipv6_google_access": "",
            "project": "a2a-registry-dev",
            "release_channel": [
              {
                "channel": "REGULAR"
              }
            ],
            "remove_default_node_pool": true,
            "resource_labels": {},
            "resource_usage_export_config": [],
            "security_posture_config": [
              {
                "mode": "BASIC",
                "vulnerability_mode": "VULNERABILITY_MODE_UNSPECIFIED"
              }
            ],
            "self_link": "https://container.googleapis.com/v1/projects/a2a-registry-dev/locations/us-central1/clusters/a2a-registry-cluster",
            "service_external_ips_config": [
              {
                "enabled": false
              }
            ],
            "services_ipv4_cidr": "10.63.240.0/20",
            "subnetwork": "projects/a2a-registry-dev/regions/us-central1/subnetworks/a2a-registry-subnet",
            "timeouts": null,
            "tpu_ipv4_cidr_block": "",
            "vertical_pod_autoscaling": [],
            "workload_identity_config": [
              {
                "workload_pool": "a2a-registry-dev.svc.id.goog"
              }
            ]
          },
          "sensitive_attributes": [],
          "private": "eyJlMmJmYjczMC1lY2FhLTExZTYtOGY4OC0zNDM2M2JjN2M0YzAiOnsiY3JlYXRlIjoyNDAwMDAwMDAwMDAwLCJkZWxldGUiOjI0MDAwMDAwMDAwMDAsInJlYWQiOjI0MDAwMDAwMDAwMDAsInVwZGF0ZSI6MzYwMDAwMDAwMDAwMH0sInNjaGVtYV92ZXJzaW9uIjoiMSJ9",
          "dependencies": [
            "google_compute_network.a2a_registry",
            "google_compute_subnetwork.a2a_registry"
          ]
        }
      ]
    },
    {
      "mode": "managed",
      "type": "google_container_node_pool",
      "name": "a2a_registry_nodes",
      "provider": "provider[\"registry.terraform.io/hashicorp/google\"]",
      "instances": [
        {
          "schema_version": 1,
          "attributes": {
            "autoscaling": [],
            "cluster": "a2a-registry-cluster",
            "id": "projects/a2a-registry-dev/locations/us-central1/clusters/a2a-registry-cluster/nodePools/a2a-registry-node-pool",
            "initial_node_count": 1,
            "instance_group_urls": [
              "https://www.googleapis.com/compute/v1/projects/a2a-registry-dev/zones/us-central1-f/instanceGroupManagers/gke-a2a-registry-clu-a2a-registry-nod-e8590843-grp",
              "https://www.googleapis.com/compute/v1/projects/a2a-registry-dev/zones/us-central1-c/instanceGroupManagers/gke-a2a-registry-clu-a2a-registry-nod-9a4a5b39-grp",
              "https://www.googleapis.com/compute/v1/projects/a2a-registry-dev/zones/us-central1-a/instanceGroupManagers/gke-a2a-registry-clu-a2a-registry-nod-4330933c-grp"
            ],
            "location": "us-central1",
            "managed_instance_group_urls": [
              "https://www.googleapis.com/compute/v1/projects/a2a-registry-dev/zones/us-central1-f/instanceGroups/gke-a2a-registry-clu-a2a-registry-nod-e8590843-grp",
              "https://www.googleapis.com/compute/v1/projects/a2a-registry-dev/zones/us-central1-c/instanceGroups/gke-a2a-registry-clu-a2a-registry-nod-9a4a5b39-grp",
              "https://www.googleapis.com/compute/v1/projects/a2a-registry-dev/zones/us-central1-a/instanceGroups/gke-a2a-registry-clu-a2a-registry-nod-4330933c-grp"
            ],
            "management": [
              {
                "auto_repair": true,
                "auto_upgrade": true
              }
            ],
            "max_pods_per_node": null,
            "name": "a2a-registry-node-pool",
            "name_prefix": "",
            "network_config": [],
            "node_config": [
              {
                "advanced_machine_features": [],
                "boot_disk_kms_key": "",
                "confidential_nodes": [],
                "disk_size_gb": 20,
                "disk_type": "pd-balanced",
                "ephemeral_storage_local_ssd_config": [],
                "fast_socket": [],
                "gcfs_config": [],
                "guest_accelerator": [],
                "gvnic": [],
                "host_maintenance_policy": [],
                "image_type": "COS_CONTAINERD",
                "kubelet_config": [
                  {
                    "cpu_cfs_quota": false,
                    "cpu_cfs_quota_period": "",
                    "cpu_manager_policy": "static",
                    "pod_pids_limit": 0
                  }
                ],
                "labels": {
                  "env": "a2a-registry-dev"
                },
                "linux_node_config": [],
                "local_nvme_ssd_block_config": [],
                "local_ssd_count": 0,
                "logging_variant": "DEFAULT",
                "machine_type": "e2-micro",
                "metadata": {
                  "disable-legacy-endpoints": "true"
                },
                "min_cpu_platform": "",
                "node_group": "",
                "oauth_scopes": [
                  "https://www.googleapis.com/auth/cloud-platform",
                  "https://www.googleapis.com/auth/logging.write",
                  "https://www.googleapis.com/auth/monitoring"
                ],
                "preemptible": false,
                "reservation_affinity": [],
                "resource_labels": {
                  "goog-gke-node-pool-provisioning-model": "on-demand"
                },
                "service_account": "default",
                "shielded_instance_config": [
                  {
                    "enable_integrity_monitoring": true,
                    "enable_secure_boot": false
                  }
                ],
                "sole_tenant_config": [],
                "spot": false,
                "tags": [],
                "taint": [],
                "workload_metadata_config": [
                  {
                    "mode": "GKE_METADATA"
                  }
                ]
              }
            ],
            "node_count": 1,
            "node_locations": [
              "us-central1-a",
              "us-central1-c",
              "us-central1-f"
            ],
            "operation": null,
            "placement_policy": [],
            "project": "a2a-registry-dev",
            "timeouts": null,
            "upgrade_settings": [
              {
                "blue_green_settings": [],
                "max_surge": 1,
                "max_unavailable": 0,
                "strategy": "SURGE"
              }
            ],
            "version": "1.33.2-gke.1240000"
          },
          "sensitive_attributes": [],
          "private": "eyJlMmJmYjczMC1lY2FhLTExZTYtOGY4OC0zNDM2M2JjN2M0YzAiOnsiY3JlYXRlIjoxODAwMDAwMDAwMDAwLCJkZWxldGUiOjE4MDAwMDAwMDAwMDAsInVwZGF0ZSI6MTgwMDAwMDAwMDAwMH0sInNjaGVtYV92ZXJzaW9uIjoiMSJ9",
          "dependencies": [
            "google_compute_network.a2a_registry",
            "google_compute_subnetwork.a2a_registry",
            "google_container_cluster.a2a_registry"
          ]
        }
      ]
    }
  ],
  "check_results": null
}
